// !$*UTF8*$!
{
	archiveVersion = 1;
	classes = {
	};
	objectVersion = 51;
	objects = {

/* Begin PBXBuildFile section */
		1EEC091D31080144C0D0069E /* Pods_ActualCombatSwiftNetwork.framework in Frameworks */ = {isa = PBXBuildFile; fileRef = C39330C57E888B8CE9E70B66 /* Pods_ActualCombatSwiftNetwork.framework */; };
		762EED3022FE66550070ED53 /* ProductsViewController.swift in Sources */ = {isa = PBXBuildFile; fileRef = 762EED2F22FE66550070ED53 /* ProductsViewController.swift */; };
		762F1FCE22EC85630090EFDF /* AppDelegate.swift in Sources */ = {isa = PBXBuildFile; fileRef = 762F1FCD22EC85630090EFDF /* AppDelegate.swift */; };
		762F1FD022EC85630090EFDF /* LoginViewController.swift in Sources */ = {isa = PBXBuildFile; fileRef = 762F1FCF22EC85630090EFDF /* LoginViewController.swift */; };
		762F1FD322EC85630090EFDF /* Main.storyboard in Resources */ = {isa = PBXBuildFile; fileRef = 762F1FD122EC85630090EFDF /* Main.storyboard */; };
		762F1FD522EC85650090EFDF /* Assets.xcassets in Resources */ = {isa = PBXBuildFile; fileRef = 762F1FD422EC85650090EFDF /* Assets.xcassets */; };
		762F1FD822EC85650090EFDF /* LaunchScreen.storyboard in Resources */ = {isa = PBXBuildFile; fileRef = 762F1FD622EC85650090EFDF /* LaunchScreen.storyboard */; };
		76AB6F7C22FE7D2600EDE737 /* ProductsAPIServices.swift in Sources */ = {isa = PBXBuildFile; fileRef = 76AB6F7B22FE7D2600EDE737 /* ProductsAPIServices.swift */; };
		76AB6F7F22FE7E4F00EDE737 /* ProductRes.swift in Sources */ = {isa = PBXBuildFile; fileRef = 76AB6F7D22FE7E4F00EDE737 /* ProductRes.swift */; };
		76AB6F8022FE7E4F00EDE737 /* Products.swift in Sources */ = {isa = PBXBuildFile; fileRef = 76AB6F7E22FE7E4F00EDE737 /* Products.swift */; };
		76E6F39D22EC88A10092BD38 /* BaseAPIServices.swift in Sources */ = {isa = PBXBuildFile; fileRef = 76E6F39C22EC88A10092BD38 /* BaseAPIServices.swift */; };
		76E6F39F22EC8A320092BD38 /* AccountsAPIServices.swift in Sources */ = {isa = PBXBuildFile; fileRef = 76E6F39E22EC8A320092BD38 /* AccountsAPIServices.swift */; };
		76E6F3A322EC8C710092BD38 /* LoginResult.swift in Sources */ = {isa = PBXBuildFile; fileRef = 76E6F3A222EC8C710092BD38 /* LoginResult.swift */; };
		76E6F3A522EC98150092BD38 /* MainTabBarController.swift in Sources */ = {isa = PBXBuildFile; fileRef = 76E6F3A422EC98150092BD38 /* MainTabBarController.swift */; };
		76E6F3A722EC98F10092BD38 /* SignUpViewController.swift in Sources */ = {isa = PBXBuildFile; fileRef = 76E6F3A622EC98F10092BD38 /* SignUpViewController.swift */; };
/* End PBXBuildFile section */

/* Begin PBXFileReference section */
		310DFD84382FB08FEF7D3C96 /* Pods-ActualCombatSwiftNetwork.debug.xcconfig */ = {isa = PBXFileReference; includeInIndex = 1; lastKnownFileType = text.xcconfig; name = "Pods-ActualCombatSwiftNetwork.debug.xcconfig"; path = "Target Support Files/Pods-ActualCombatSwiftNetwork/Pods-ActualCombatSwiftNetwork.debug.xcconfig"; sourceTree = "<group>"; };
		762EED2F22FE66550070ED53 /* ProductsViewController.swift */ = {isa = PBXFileReference; lastKnownFileType = sourcecode.swift; path = ProductsViewController.swift; sourceTree = "<group>"; };
		762F1FCA22EC85630090EFDF /* ActualCombatSwiftNetwork.app */ = {isa = PBXFileReference; explicitFileType = wrapper.application; includeInIndex = 0; path = ActualCombatSwiftNetwork.app; sourceTree = BUILT_PRODUCTS_DIR; };
		762F1FCD22EC85630090EFDF /* AppDelegate.swift */ = {isa = PBXFileReference; lastKnownFileType = sourcecode.swift; path = AppDelegate.swift; sourceTree = "<group>"; };
		762F1FCF22EC85630090EFDF /* LoginViewController.swift */ = {isa = PBXFileReference; lastKnownFileType = sourcecode.swift; path = LoginViewController.swift; sourceTree = "<group>"; };
		762F1FD222EC85630090EFDF /* Base */ = {isa = PBXFileReference; lastKnownFileType = file.storyboard; name = Base; path = Base.lproj/Main.storyboard; sourceTree = "<group>"; };
		762F1FD422EC85650090EFDF /* Assets.xcassets */ = {isa = PBXFileReference; lastKnownFileType = folder.assetcatalog; path = Assets.xcassets; sourceTree = "<group>"; };
		762F1FD722EC85650090EFDF /* Base */ = {isa = PBXFileReference; lastKnownFileType = file.storyboard; name = Base; path = Base.lproj/LaunchScreen.storyboard; sourceTree = "<group>"; };
		762F1FD922EC85650090EFDF /* Info.plist */ = {isa = PBXFileReference; lastKnownFileType = text.plist.xml; path = Info.plist; sourceTree = "<group>"; };
		76AB6F7B22FE7D2600EDE737 /* ProductsAPIServices.swift */ = {isa = PBXFileReference; lastKnownFileType = sourcecode.swift; path = ProductsAPIServices.swift; sourceTree = "<group>"; };
		76AB6F7D22FE7E4F00EDE737 /* ProductRes.swift */ = {isa = PBXFileReference; fileEncoding = 4; lastKnownFileType = sourcecode.swift; path = ProductRes.swift; sourceTree = "<group>"; };
		76AB6F7E22FE7E4F00EDE737 /* Products.swift */ = {isa = PBXFileReference; fileEncoding = 4; lastKnownFileType = sourcecode.swift; path = Products.swift; sourceTree = "<group>"; };
		76E6F39C22EC88A10092BD38 /* BaseAPIServices.swift */ = {isa = PBXFileReference; lastKnownFileType = sourcecode.swift; path = BaseAPIServices.swift; sourceTree = "<group>"; };
		76E6F39E22EC8A320092BD38 /* AccountsAPIServices.swift */ = {isa = PBXFileReference; lastKnownFileType = sourcecode.swift; path = AccountsAPIServices.swift; sourceTree = "<group>"; };
		76E6F3A222EC8C710092BD38 /* LoginResult.swift */ = {isa = PBXFileReference; fileEncoding = 4; lastKnownFileType = sourcecode.swift; path = LoginResult.swift; sourceTree = "<group>"; };
		76E6F3A422EC98150092BD38 /* MainTabBarController.swift */ = {isa = PBXFileReference; fileEncoding = 4; lastKnownFileType = sourcecode.swift; path = MainTabBarController.swift; sourceTree = "<group>"; };
		76E6F3A622EC98F10092BD38 /* SignUpViewController.swift */ = {isa = PBXFileReference; lastKnownFileType = sourcecode.swift; path = SignUpViewController.swift; sourceTree = "<group>"; };
		7D7B770A1B67C5D3BA18890E /* Pods-ActualCombatSwiftNetwork.release.xcconfig */ = {isa = PBXFileReference; includeInIndex = 1; lastKnownFileType = text.xcconfig; name = "Pods-ActualCombatSwiftNetwork.release.xcconfig"; path = "Target Support Files/Pods-ActualCombatSwiftNetwork/Pods-ActualCombatSwiftNetwork.release.xcconfig"; sourceTree = "<group>"; };
		C39330C57E888B8CE9E70B66 /* Pods_ActualCombatSwiftNetwork.framework */ = {isa = PBXFileReference; explicitFileType = wrapper.framework; includeInIndex = 0; path = Pods_ActualCombatSwiftNetwork.framework; sourceTree = BUILT_PRODUCTS_DIR; };
/* End PBXFileReference section */

/* Begin PBXFrameworksBuildPhase section */
		762F1FC722EC85630090EFDF /* Frameworks */ = {
			isa = PBXFrameworksBuildPhase;
			buildActionMask = 2147483647;
			files = (
				1EEC091D31080144C0D0069E /* Pods_ActualCombatSwiftNetwork.framework in Frameworks */,
			);
			runOnlyForDeploymentPostprocessing = 0;
		};
/* End PBXFrameworksBuildPhase section */

/* Begin PBXGroup section */
		39AAB1BF2F2215D509B12CD9 /* Frameworks */ = {
			isa = PBXGroup;
			children = (
				C39330C57E888B8CE9E70B66 /* Pods_ActualCombatSwiftNetwork.framework */,
			);
			name = Frameworks;
			sourceTree = "<group>";
		};
		762F1FC122EC85630090EFDF = {
			isa = PBXGroup;
			children = (
				762F1FCC22EC85630090EFDF /* ActualCombatSwiftNetwork */,
				762F1FCB22EC85630090EFDF /* Products */,
				F9992C7AE709B0BC9A84E7F6 /* Pods */,
				39AAB1BF2F2215D509B12CD9 /* Frameworks */,
			);
			sourceTree = "<group>";
		};
		762F1FCB22EC85630090EFDF /* Products */ = {
			isa = PBXGroup;
			children = (
				762F1FCA22EC85630090EFDF /* ActualCombatSwiftNetwork.app */,
			);
			name = Products;
			sourceTree = "<group>";
		};
		762F1FCC22EC85630090EFDF /* ActualCombatSwiftNetwork */ = {
			isa = PBXGroup;
			children = (
				76E6F3A122EC8C690092BD38 /* Model */,
				76E6F39B22EC885B0092BD38 /* APIServices */,
				762F1FCD22EC85630090EFDF /* AppDelegate.swift */,
				762F1FCF22EC85630090EFDF /* LoginViewController.swift */,
				76E6F3A622EC98F10092BD38 /* SignUpViewController.swift */,
				762EED2F22FE66550070ED53 /* ProductsViewController.swift */,
				762F1FD122EC85630090EFDF /* Main.storyboard */,
				762F1FD422EC85650090EFDF /* Assets.xcassets */,
				762F1FD622EC85650090EFDF /* LaunchScreen.storyboard */,
				762F1FD922EC85650090EFDF /* Info.plist */,
				76E6F3A422EC98150092BD38 /* MainTabBarController.swift */,
			);
			path = ActualCombatSwiftNetwork;
			sourceTree = "<group>";
		};
		76E6F39B22EC885B0092BD38 /* APIServices */ = {
			isa = PBXGroup;
			children = (
				76E6F39C22EC88A10092BD38 /* BaseAPIServices.swift */,
				76E6F39E22EC8A320092BD38 /* AccountsAPIServices.swift */,
				76AB6F7B22FE7D2600EDE737 /* ProductsAPIServices.swift */,
			);
			path = APIServices;
			sourceTree = "<group>";
		};
		76E6F3A122EC8C690092BD38 /* Model */ = {
			isa = PBXGroup;
			children = (
				76E6F3A222EC8C710092BD38 /* LoginResult.swift */,
				76AB6F7D22FE7E4F00EDE737 /* ProductRes.swift */,
				76AB6F7E22FE7E4F00EDE737 /* Products.swift */,
			);
			path = Model;
			sourceTree = "<group>";
		};
		F9992C7AE709B0BC9A84E7F6 /* Pods */ = {
			isa = PBXGroup;
			children = (
				310DFD84382FB08FEF7D3C96 /* Pods-ActualCombatSwiftNetwork.debug.xcconfig */,
				7D7B770A1B67C5D3BA18890E /* Pods-ActualCombatSwiftNetwork.release.xcconfig */,
			);
			path = Pods;
			sourceTree = "<group>";
		};
/* End PBXGroup section */

/* Begin PBXNativeTarget section */
		762F1FC922EC85630090EFDF /* ActualCombatSwiftNetwork */ = {
			isa = PBXNativeTarget;
			buildConfigurationList = 762F1FDC22EC85650090EFDF /* Build configuration list for PBXNativeTarget "ActualCombatSwiftNetwork" */;
			buildPhases = (
				9BF0E622516EB2A483A82946 /* [CP] Check Pods Manifest.lock */,
				762F1FC622EC85630090EFDF /* Sources */,
				762F1FC722EC85630090EFDF /* Frameworks */,
				762F1FC822EC85630090EFDF /* Resources */,
				20CE05C2ACA3E5777DD1AE93 /* [CP] Embed Pods Frameworks */,
			);
			buildRules = (
			);
			dependencies = (
			);
			name = ActualCombatSwiftNetwork;
			productName = ActualCombatSwiftNetwork;
			productReference = 762F1FCA22EC85630090EFDF /* ActualCombatSwiftNetwork.app */;
			productType = "com.apple.product-type.application";
		};
/* End PBXNativeTarget section */

/* Begin PBXProject section */
		762F1FC222EC85630090EFDF /* Project object */ = {
			isa = PBXProject;
			attributes = {
				LastSwiftUpdateCheck = 1030;
				LastUpgradeCheck = 1030;
				ORGANIZATIONNAME = yasuoyuhao;
				TargetAttributes = {
					762F1FC922EC85630090EFDF = {
						CreatedOnToolsVersion = 10.3;
					};
				};
			};
			buildConfigurationList = 762F1FC522EC85630090EFDF /* Build configuration list for PBXProject "ActualCombatSwiftNetwork" */;
			compatibilityVersion = "Xcode 9.3";
			developmentRegion = en;
			hasScannedForEncodings = 0;
			knownRegions = (
				en,
				Base,
			);
			mainGroup = 762F1FC122EC85630090EFDF;
			productRefGroup = 762F1FCB22EC85630090EFDF /* Products */;
			projectDirPath = "";
			projectRoot = "";
			targets = (
				762F1FC922EC85630090EFDF /* ActualCombatSwiftNetwork */,
			);
		};
/* End PBXProject section */

/* Begin PBXResourcesBuildPhase section */
		762F1FC822EC85630090EFDF /* Resources */ = {
			isa = PBXResourcesBuildPhase;
			buildActionMask = 2147483647;
			files = (
				762F1FD822EC85650090EFDF /* LaunchScreen.storyboard in Resources */,
				762F1FD522EC85650090EFDF /* Assets.xcassets in Resources */,
				762F1FD322EC85630090EFDF /* Main.storyboard in Resources */,
			);
			runOnlyForDeploymentPostprocessing = 0;
		};
/* End PBXResourcesBuildPhase section */

/* Begin PBXShellScriptBuildPhase section */
		20CE05C2ACA3E5777DD1AE93 /* [CP] Embed Pods Frameworks */ = {
			isa = PBXShellScriptBuildPhase;
			buildActionMask = 2147483647;
			files = (
			);
			inputFileListPaths = (
				"${PODS_ROOT}/Target Support Files/Pods-ActualCombatSwiftNetwork/Pods-ActualCombatSwiftNetwork-frameworks-${CONFIGURATION}-input-files.xcfilelist",
			);
			name = "[CP] Embed Pods Frameworks";
			outputFileListPaths = (
				"${PODS_ROOT}/Target Support Files/Pods-ActualCombatSwiftNetwork/Pods-ActualCombatSwiftNetwork-frameworks-${CONFIGURATION}-output-files.xcfilelist",
			);
			runOnlyForDeploymentPostprocessing = 0;
			shellPath = /bin/sh;
			shellScript = "\"${PODS_ROOT}/Target Support Files/Pods-ActualCombatSwiftNetwork/Pods-ActualCombatSwiftNetwork-frameworks.sh\"\n";
			showEnvVarsInLog = 0;
		};
		9BF0E622516EB2A483A82946 /* [CP] Check Pods Manifest.lock */ = {
			isa = PBXShellScriptBuildPhase;
			buildActionMask = 2147483647;
			files = (
			);
			inputFileListPaths = (
			);
			inputPaths = (
				"${PODS_PODFILE_DIR_PATH}/Podfile.lock",
				"${PODS_ROOT}/Manifest.lock",
			);
			name = "[CP] Check Pods Manifest.lock";
			outputFileListPaths = (
			);
			outputPaths = (
				"$(DERIVED_FILE_DIR)/Pods-ActualCombatSwiftNetwork-checkManifestLockResult.txt",
			);
			runOnlyForDeploymentPostprocessing = 0;
			shellPath = /bin/sh;
			shellScript = "diff \"${PODS_PODFILE_DIR_PATH}/Podfile.lock\" \"${PODS_ROOT}/Manifest.lock\" > /dev/null\nif [ $? != 0 ] ; then\n    # print error to STDERR\n    echo \"error: The sandbox is not in sync with the Podfile.lock. Run 'pod install' or update your CocoaPods installation.\" >&2\n    exit 1\nfi\n# This output is used by Xcode 'outputs' to avoid re-running this script phase.\necho \"SUCCESS\" > \"${SCRIPT_OUTPUT_FILE_0}\"\n";
			showEnvVarsInLog = 0;
		};
/* End PBXShellScriptBuildPhase section */

/* Begin PBXSourcesBuildPhase section */
		762F1FC622EC85630090EFDF /* Sources */ = {
			isa = PBXSourcesBuildPhase;
			buildActionMask = 2147483647;
			files = (
				76E6F39D22EC88A10092BD38 /* BaseAPIServices.swift in Sources */,
				76AB6F8022FE7E4F00EDE737 /* Products.swift in Sources */,
				76E6F3A722EC98F10092BD38 /* SignUpViewController.swift in Sources */,
				762EED3022FE66550070ED53 /* ProductsViewController.swift in Sources */,
				762F1FD022EC85630090EFDF /* LoginViewController.swift in Sources */,
				76E6F3A522EC98150092BD38 /* MainTabBarController.swift in Sources */,
				76E6F3A322EC8C710092BD38 /* LoginResult.swift in Sources */,
				76E6F39F22EC8A320092BD38 /* AccountsAPIServices.swift in Sources */,
				762F1FCE22EC85630090EFDF /* AppDelegate.swift in Sources */,
				76AB6F7F22FE7E4F00EDE737 /* ProductRes.swift in Sources */,
				76AB6F7C22FE7D2600EDE737 /* ProductsAPIServices.swift in Sources */,
			);
			runOnlyForDeploymentPostprocessing = 0;
		};
/* End PBXSourcesBuildPhase section */

/* Begin PBXVariantGroup section */
		762F1FD122EC85630090EFDF /* Main.storyboard */ = {
			isa = PBXVariantGroup;
			children = (
				762F1FD222EC85630090EFDF /* Base */,
			);
			name = Main.storyboard;
			sourceTree = "<group>";
		};
		762F1FD622EC85650090EFDF /* LaunchScreen.storyboard */ = {
			isa = PBXVariantGroup;
			children = (
				762F1FD722EC85650090EFDF /* Base */,
			);
			name = LaunchScreen.storyboard;
			sourceTree = "<group>";
		};
/* End PBXVariantGroup section */

/* Begin XCBuildConfiguration section */
		762F1FDA22EC85650090EFDF /* Debug */ = {
			isa = XCBuildConfiguration;
			buildSettings = {
				ALWAYS_SEARCH_USER_PATHS = NO;
				CLANG_ANALYZER_NONNULL = YES;
				CLANG_ANALYZER_NUMBER_OBJECT_CONVERSION = YES_AGGRESSIVE;
				CLANG_CXX_LANGUAGE_STANDARD = "gnu++14";
				CLANG_CXX_LIBRARY = "libc++";
				CLANG_ENABLE_MODULES = YES;
				CLANG_ENABLE_OBJC_ARC = YES;
				CLANG_ENABLE_OBJC_WEAK = YES;
				CLANG_WARN_BLOCK_CAPTURE_AUTORELEASING = YES;
				CLANG_WARN_BOOL_CONVERSION = YES;
				CLANG_WARN_COMMA = YES;
				CLANG_WARN_CONSTANT_CONVERSION = YES;
				CLANG_WARN_DEPRECATED_OBJC_IMPLEMENTATIONS = YES;
				CLANG_WARN_DIRECT_OBJC_ISA_USAGE = YES_ERROR;
				CLANG_WARN_DOCUMENTATION_COMMENTS = YES;
				CLANG_WARN_EMPTY_BODY = YES;
				CLANG_WARN_ENUM_CONVERSION = YES;
				CLANG_WARN_INFINITE_RECURSION = YES;
				CLANG_WARN_INT_CONVERSION = YES;
				CLANG_WARN_NON_LITERAL_NULL_CONVERSION = YES;
				CLANG_WARN_OBJC_IMPLICIT_RETAIN_SELF = YES;
				CLANG_WARN_OBJC_LITERAL_CONVERSION = YES;
				CLANG_WARN_OBJC_ROOT_CLASS = YES_ERROR;
				CLANG_WARN_RANGE_LOOP_ANALYSIS = YES;
				CLANG_WARN_STRICT_PROTOTYPES = YES;
				CLANG_WARN_SUSPICIOUS_MOVE = YES;
				CLANG_WARN_UNGUARDED_AVAILABILITY = YES_AGGRESSIVE;
				CLANG_WARN_UNREACHABLE_CODE = YES;
				CLANG_WARN__DUPLICATE_METHOD_MATCH = YES;
				CODE_SIGN_IDENTITY = "iPhone Developer";
				COPY_PHASE_STRIP = NO;
				DEBUG_INFORMATION_FORMAT = dwarf;
				ENABLE_STRICT_OBJC_MSGSEND = YES;
				ENABLE_TESTABILITY = YES;
				GCC_C_LANGUAGE_STANDARD = gnu11;
				GCC_DYNAMIC_NO_PIC = NO;
				GCC_NO_COMMON_BLOCKS = YES;
				GCC_OPTIMIZATION_LEVEL = 0;
				GCC_PREPROCESSOR_DEFINITIONS = (
					"DEBUG=1",
					"$(inherited)",
				);
				GCC_WARN_64_TO_32_BIT_CONVERSION = YES;
				GCC_WARN_ABOUT_RETURN_TYPE = YES_ERROR;
				GCC_WARN_UNDECLARED_SELECTOR = YES;
				GCC_WARN_UNINITIALIZED_AUTOS = YES_AGGRESSIVE;
				GCC_WARN_UNUSED_FUNCTION = YES;
				GCC_WARN_UNUSED_VARIABLE = YES;
				IPHONEOS_DEPLOYMENT_TARGET = 12.4;
				MTL_ENABLE_DEBUG_INFO = INCLUDE_SOURCE;
				MTL_FAST_MATH = YES;
				ONLY_ACTIVE_ARCH = YES;
				SDKROOT = iphoneos;
				SWIFT_ACTIVE_COMPILATION_CONDITIONS = DEBUG;
				SWIFT_OPTIMIZATION_LEVEL = "-Onone";
			};
			name = Debug;
		};
		762F1FDB22EC85650090EFDF /* Release */ = {
			isa = XCBuildConfiguration;
			buildSettings = {
				ALWAYS_SEARCH_USER_PATHS = NO;
				CLANG_ANALYZER_NONNULL = YES;
				CLANG_ANALYZER_NUMBER_OBJECT_CONVERSION = YES_AGGRESSIVE;
				CLANG_CXX_LANGUAGE_STANDARD = "gnu++14";
				CLANG_CXX_LIBRARY = "libc++";
				CLANG_ENABLE_MODULES = YES;
				CLANG_ENABLE_OBJC_ARC = YES;
				CLANG_ENABLE_OBJC_WEAK = YES;
				CLANG_WARN_BLOCK_CAPTURE_AUTORELEASING = YES;
				CLANG_WARN_BOOL_CONVERSION = YES;
				CLANG_WARN_COMMA = YES;
				CLANG_WARN_CONSTANT_CONVERSION = YES;
				CLANG_WARN_DEPRECATED_OBJC_IMPLEMENTATIONS = YES;
				CLANG_WARN_DIRECT_OBJC_ISA_USAGE = YES_ERROR;
				CLANG_WARN_DOCUMENTATION_COMMENTS = YES;
				CLANG_WARN_EMPTY_BODY = YES;
				CLANG_WARN_ENUM_CONVERSION = YES;
				CLANG_WARN_INFINITE_RECURSION = YES;
				CLANG_WARN_INT_CONVERSION = YES;
				CLANG_WARN_NON_LITERAL_NULL_CONVERSION = YES;
				CLANG_WARN_OBJC_IMPLICIT_RETAIN_SELF = YES;
				CLANG_WARN_OBJC_LITERAL_CONVERSION = YES;
				CLANG_WARN_OBJC_ROOT_CLASS = YES_ERROR;
				CLANG_WARN_RANGE_LOOP_ANALYSIS = YES;
				CLANG_WARN_STRICT_PROTOTYPES = YES;
				CLANG_WARN_SUSPICIOUS_MOVE = YES;
				CLANG_WARN_UNGUARDED_AVAILABILITY = YES_AGGRESSIVE;
				CLANG_WARN_UNREACHABLE_CODE = YES;
				CLANG_WARN__DUPLICATE_METHOD_MATCH = YES;
				CODE_SIGN_IDENTITY = "iPhone Developer";
				COPY_PHASE_STRIP = NO;
				DEBUG_INFORMATION_FORMAT = "dwarf-with-dsym";
				ENABLE_NS_ASSERTIONS = NO;
				ENABLE_STRICT_OBJC_MSGSEND = YES;
				GCC_C_LANGUAGE_STANDARD = gnu11;
				GCC_NO_COMMON_BLOCKS = YES;
				GCC_WARN_64_TO_32_BIT_CONVERSION = YES;
				GCC_WARN_ABOUT_RETURN_TYPE = YES_ERROR;
				GCC_WARN_UNDECLARED_SELECTOR = YES;
				GCC_WARN_UNINITIALIZED_AUTOS = YES_AGGRESSIVE;
				GCC_WARN_UNUSED_FUNCTION = YES;
				GCC_WARN_UNUSED_VARIABLE = YES;
				IPHONEOS_DEPLOYMENT_TARGET = 12.4;
				MTL_ENABLE_DEBUG_INFO = NO;
				MTL_FAST_MATH = YES;
				SDKROOT = iphoneos;
				SWIFT_COMPILATION_MODE = wholemodule;
				SWIFT_OPTIMIZATION_LEVEL = "-O";
				VALIDATE_PRODUCT = YES;
			};
			name = Release;
		};
		762F1FDD22EC85650090EFDF /* Debug */ = {
			isa = XCBuildConfiguration;
			baseConfigurationReference = 310DFD84382FB08FEF7D3C96 /* Pods-ActualCombatSwiftNetwork.debug.xcconfig */;
			buildSettings = {
				ASSETCATALOG_COMPILER_APPICON_NAME = AppIcon;
				CODE_SIGN_IDENTITY = "iPhone Developer";
				CODE_SIGN_STYLE = Automatic;
				DEVELOPMENT_TEAM = LR3HKQ7MQQ;
				INFOPLIST_FILE = ActualCombatSwiftNetwork/Info.plist;
				LD_RUNPATH_SEARCH_PATHS = (
					"$(inherited)",
					"@executable_path/Frameworks",
				);
				PRODUCT_BUNDLE_IDENTIFIER = yasuoyuhao.me.ActualCombatSwiftNetwork;
				PRODUCT_NAME = "$(TARGET_NAME)";
				PROVISIONING_PROFILE_SPECIFIER = "";
				SWIFT_VERSION = 5.0;
				TARGETED_DEVICE_FAMILY = "1,2";
			};
			name = Debug;
		};
		762F1FDE22EC85650090EFDF /* Release */ = {
			isa = XCBuildConfiguration;
			baseConfigurationReference = 7D7B770A1B67C5D3BA18890E /* Pods-ActualCombatSwiftNetwork.release.xcconfig */;
			buildSettings = {
				ASSETCATALOG_COMPILER_APPICON_NAME = AppIcon;
				CODE_SIGN_IDENTITY = "iPhone Developer";
				CODE_SIGN_STYLE = Automatic;
				DEVELOPMENT_TEAM = LR3HKQ7MQQ;
				INFOPLIST_FILE = ActualCombatSwiftNetwork/Info.plist;
				LD_RUNPATH_SEARCH_PATHS = (
					"$(inherited)",
					"@executable_path/Frameworks",
				);
				PRODUCT_BUNDLE_IDENTIFIER = yasuoyuhao.me.ActualCombatSwiftNetwork;
				PRODUCT_NAME = "$(TARGET_NAME)";
				PROVISIONING_PROFILE_SPECIFIER = "";
				SWIFT_VERSION = 5.0;
				TARGETED_DEVICE_FAMILY = "1,2";
			};
			name = Release;
		};
/* End XCBuildConfiguration section */

/* Begin XCConfigurationList section */
		762F1FC522EC85630090EFDF /* Build configuration list for PBXProject "ActualCombatSwiftNetwork" */ = {
			isa = XCConfigurationList;
			buildConfigurations = (
				762F1FDA22EC85650090EFDF /* Debug */,
				762F1FDB22EC85650090EFDF /* Release */,
			);
			defaultConfigurationIsVisible = 0;
			defaultConfigurationName = Release;
		};
		762F1FDC22EC85650090EFDF /* Build configuration list for PBXNativeTarget "ActualCombatSwiftNetwork" */ = {
			isa = XCConfigurationList;
			buildConfigurations = (
				762F1FDD22EC85650090EFDF /* Debug */,
				762F1FDE22EC85650090EFDF /* Release */,
			);
			defaultConfigurationIsVisible = 0;
			defaultConfigurationName = Release;
		};
/* End XCConfigurationList section */
	};
	rootObject = 762F1FC222EC85630090EFDF /* Project object */;
}
